{
  "name": "headnote_game_of_life",
  "version": "1.0.1",
  "lockfileVersion": 1,
  "requires": true,
  "dependencies": {
    "blessed": {
      "version": "0.0.51",
      "resolved": "https://registry.npmjs.org/blessed/-/blessed-0.0.51.tgz",
      "integrity": "sha1-ED8hegxTaXJ8/kfzBpXhsfYVyq4="
    }
  }
}
